
Microsoft Visual Studio Solution File, Format Version 12.00
# Visual Studio Version 17
VisualStudioVersion = 17.2.32602.215
MinimumVisualStudioVersion = 10.0.40219.1
Project("{FAE04EC0-301F-11D3-BF4B-00C04F79EFBC}") = "Checker", "Checker\Checker.csproj", "{08DFC0AC-4AF2-45AC-B43C-757A4DD54401}"
EndProject
Project("{9A19103F-16F7-4668-BE54-9A1E7A4F7556}") = "CheckerApi", "CheckerApi\CheckerApi.csproj", "{5F849405-5AB1-4F3A-8B07-8386EA623506}"
EndProject
Global
	GlobalSection(SolutionConfigurationPlatforms) = preSolution
		Debug|Any CPU = Debug|Any CPU
		Release|Any CPU = Release|Any CPU
	EndGlobalSection
	GlobalSection(ProjectConfigurationPlatforms) = postSolution
		{08DFC0AC-4AF2-45AC-B43C-757A4DD54401}.Debug|Any CPU.ActiveCfg = Debug|Any CPU
		{08DFC0AC-4AF2-45AC-B43C-757A4DD54401}.Debug|Any CPU.Build.0 = Debug|Any CPU
		{08DFC0AC-4AF2-45AC-B43C-757A4DD54401}.Release|Any CPU.ActiveCfg = Release|Any CPU
		{08DFC0AC-4AF2-45AC-B43C-757A4DD54401}.Release|Any CPU.Build.0 = Release|Any CPU
		{5F849405-5AB1-4F3A-8B07-8386EA623506}.Debug|Any CPU.ActiveCfg = Debug|Any CPU
		{5F849405-5AB1-4F3A-8B07-8386EA623506}.Debug|Any CPU.Build.0 = Debug|Any CPU
		{5F849405-5AB1-4F3A-8B07-8386EA623506}.Release|Any CPU.ActiveCfg = Release|Any CPU
		{5F849405-5AB1-4F3A-8B07-8386EA623506}.Release|Any CPU.Build.0 = Release|Any CPU
	EndGlobalSection
	GlobalSection(SolutionProperties) = preSolution
		HideSolutionNode = FALSE
	EndGlobalSection
	GlobalSection(ExtensibilityGlobals) = postSolution
		SolutionGuid = {034FA2F6-07C8-4107-BFA0-4E593A0EB96E}
	EndGlobalSection
EndGlobal
